lockfileVersion: '9.0'

settings:
  autoInstallPeers: true
  excludeLinksFromLockfile: false

importers:

  .:
    dependencies:
      marked:
        specifier: ^15.0.0
        version: 15.0.12
      picomatch:
        specifier: ^4.0.0
        version: 4.0.4
    devDependencies:
      highlight.js:
        specifier: ^11.11.1
        version: 11.11.1

packages:

  highlight.js@11.11.1:
    resolution: {integrity: sha512-Xwwo44whKBVCYoliBQwaPvtd/2tYFkRQtXDWj1nackaV2JPXx3L0+Jvd8/qCJ2p+ML0/XVkJ2q+Mr+UVdpJK5w==}
    engines: {node: '>=12.0.0'}

  marked@15.0.12:
    resolution: {integrity: sha512-8dD6FusOQSrpv9Z1rdNMdlSgQOIP880DHqnohobOmYLElGEqAL/JvxvuxZO16r4HtjTlfPRDC1hbvxC9dPN2nA==}
    engines: {node: '>= 18'}
    hasBin: true

  picomatch@4.0.4:
    resolution: {integrity: sha512-QP88BAKvMam/3NxH6vj2o21R6MjxZUAd6nlwAS/pnGvN9IVLocLHxGYIzFhg6fUQ+5th6P4dv4eW9jX3DSIj7A==}
    engines: {node: '>=12'}

snapshots:

  highlight.js@11.11.1: {}

  marked@15.0.12: {}

  picomatch@4.0.4: {}
